<?xml version="1.0" encoding="UTF-8"?>
<!DOCTYPE plist PUBLIC "-//Apple//DTD PLIST 1.0//EN" "http://www.apple.com/DTDs/PropertyList-1.0.dtd">
<plist version="1.0">
<dict>
	<key>archiveVersion</key>
	<string>1</string>
	<key>classes</key>
	<dict/>
	<key>objectVersion</key>
	<string>46</string>
	<key>objects</key>
	<dict>
		<key>0D890223406DEA74D4086CEA</key>
		<dict>
			<key>buildActionMask</key>
			<string>2147483647</string>
			<key>files</key>
			<array/>
			<key>inputPaths</key>
			<array/>
			<key>isa</key>
			<string>PBXShellScriptBuildPhase</string>
			<key>name</key>
			<string>[CP] Check Pods Manifest.lock</string>
			<key>outputPaths</key>
			<array/>
			<key>runOnlyForDeploymentPostprocessing</key>
			<string>0</string>
			<key>shellPath</key>
			<string>/bin/sh</string>
			<key>shellScript</key>
			<string>diff "${PODS_PODFILE_DIR_PATH}/Podfile.lock" "${PODS_ROOT}/Manifest.lock" &gt; /dev/null
if [ $? != 0 ] ; then
    # print error to STDERR
    echo "error: The sandbox is not in sync with the Podfile.lock. Run 'pod install' or update your CocoaPods installation." &gt;&amp;2
    exit 1
fi
</string>
			<key>showEnvVarsInLog</key>
			<string>0</string>
		</dict>
		<key>0EF933BE1EE670B1005B6EE6</key>
		<dict>
			<key>children</key>
			<array>
				<string>0EF933C91EE670B1005B6EE6</string>
				<string>376490CA742B373DDD775A09</string>
				<string>D304F089381CDE9D7EC8A60B</string>
				<string>0EF933C81EE670B1005B6EE6</string>
				<string>0EF933E11EE67288005B6EE6</string>
			</array>
			<key>isa</key>
			<string>PBXGroup</string>
			<key>sourceTree</key>
			<string>&lt;group&gt;</string>
		</dict>
		<key>0EF933BF1EE670B1005B6EE6</key>
		<dict>
			<key>attributes</key>
			<dict>
				<key>LastUpgradeCheck</key>
				<string>0830</string>
				<key>ORGANIZATIONNAME</key>
				<string>Parallel World</string>
				<key>TargetAttributes</key>
				<dict>
					<key>0EF933C61EE670B1005B6EE6</key>
					<dict>
						<key>CreatedOnToolsVersion</key>
						<string>8.3.2</string>
						<key>DevelopmentTeam</key>
						<string>65UUVDTS99</string>
						<key>ProvisioningStyle</key>
						<string>Automatic</string>
					</dict>
				</dict>
			</dict>
			<key>buildConfigurationList</key>
			<string>0EF933C21EE670B1005B6EE6</string>
			<key>compatibilityVersion</key>
			<string>Xcode 3.2</string>
			<key>developmentRegion</key>
			<string>English</string>
			<key>hasScannedForEncodings</key>
			<string>0</string>
			<key>isa</key>
			<string>PBXProject</string>
			<key>knownRegions</key>
			<array>
				<string>en</string>
				<string>Base</string>
			</array>
			<key>mainGroup</key>
			<string>0EF933BE1EE670B1005B6EE6</string>
			<key>productRefGroup</key>
			<string>0EF933C81EE670B1005B6EE6</string>
			<key>projectDirPath</key>
			<string></string>
			<key>projectReferences</key>
			<array/>
			<key>projectRoot</key>
			<string></string>
			<key>targets</key>
			<array>
				<string>0EF933C61EE670B1005B6EE6</string>
			</array>
		</dict>
		<key>0EF933C21EE670B1005B6EE6</key>
		<dict>
			<key>buildConfigurations</key>
			<array>
				<string>0EF933DC1EE670B1005B6EE6</string>
				<string>0EF933DD1EE670B1005B6EE6</string>
			</array>
			<key>defaultConfigurationIsVisible</key>
			<string>0</string>
			<key>defaultConfigurationName</key>
			<string>Release</string>
			<key>isa</key>
			<string>XCConfigurationList</string>
		</dict>
		<key>0EF933C31EE670B1005B6EE6</key>
		<dict>
			<key>buildActionMask</key>
			<string>2147483647</string>
			<key>files</key>
			<array>
				<string>0EF9342A1EE6736F005B6EE6</string>
				<string>0EF934291EE6736F005B6EE6</string>
				<string>0EF933FF1EE67294005B6EE6</string>
				<string>0EF9342D1EE6736F005B6EE6</string>
				<string>0EF934271EE6736F005B6EE6</string>
				<string>0EF934301EE6736F005B6EE6</string>
				<string>0EF933FE1EE67294005B6EE6</string>
				<string>0EF933FB1EE67294005B6EE6</string>
				<string>0EF934261EE6736F005B6EE6</string>
				<string>0EF934051EE67294005B6EE6</string>
				<string>0EF933CF1EE670B1005B6EE6</string>
				<string>0EF933FC1EE67294005B6EE6</string>
				<string>0EF934001EE67294005B6EE6</string>
				<string>0EF933FD1EE67294005B6EE6</string>
				<string>0EF9342C1EE6736F005B6EE6</string>
				<string>0EF934041EE67294005B6EE6</string>
				<string>0EF934241EE6736F005B6EE6</string>
				<string>0EF933CC1EE670B1005B6EE6</string>
				<string>0EF934021EE67294005B6EE6</string>
				<string>0EF9342F1EE6736F005B6EE6</string>
				<string>0EF934031EE67294005B6EE6</string>
				<string>0EF934251EE6736F005B6EE6</string>
				<string>0EF934281EE6736F005B6EE6</string>
				<string>0EF9342E1EE6736F005B6EE6</string>
				<string>0EF934011EE67294005B6EE6</string>
			</array>
			<key>isa</key>
			<string>PBXSourcesBuildPhase</string>
			<key>runOnlyForDeploymentPostprocessing</key>
			<string>0</string>
		</dict>
		<key>0EF933C41EE670B1005B6EE6</key>
		<dict>
			<key>buildActionMask</key>
			<string>2147483647</string>
			<key>files</key>
			<array>
				<string>57861CAC8A066057C4E493A7</string>
			</array>
			<key>isa</key>
			<string>PBXFrameworksBuildPhase</string>
			<key>runOnlyForDeploymentPostprocessing</key>
			<string>0</string>
		</dict>
		<key>0EF933C51EE670B1005B6EE6</key>
		<dict>
			<key>buildActionMask</key>
			<string>2147483647</string>
			<key>files</key>
			<array>
				<string>0EF933DA1EE670B1005B6EE6</string>
				<string>0EF933D71EE670B1005B6EE6</string>
			</array>
			<key>isa</key>
			<string>PBXResourcesBuildPhase</string>
			<key>runOnlyForDeploymentPostprocessing</key>
			<string>0</string>
		</dict>
		<key>0EF933C61EE670B1005B6EE6</key>
		<dict>
			<key>buildConfigurationList</key>
			<string>0EF933DE1EE670B1005B6EE6</string>
			<key>buildPhases</key>
			<array>
				<string>0D890223406DEA74D4086CEA</string>
				<string>0EF933C31EE670B1005B6EE6</string>
				<string>0EF933C41EE670B1005B6EE6</string>
				<string>0EF933C51EE670B1005B6EE6</string>
				<string>8A673ADFC0CA1FF94A1FE4CC</string>
				<string>AC0C3601B67AD887B83EB978</string>
			</array>
			<key>buildRules</key>
			<array/>
			<key>dependencies</key>
			<array/>
			<key>isa</key>
			<string>PBXNativeTarget</string>
			<key>name</key>
			<string>PWListKit</string>
			<key>productName</key>
			<string>PWListKit</string>
			<key>productReference</key>
			<string>0EF933C71EE670B1005B6EE6</string>
			<key>productType</key>
			<string>com.apple.product-type.application</string>
		</dict>
		<key>0EF933C71EE670B1005B6EE6</key>
		<dict>
			<key>explicitFileType</key>
			<string>wrapper.application</string>
			<key>includeInIndex</key>
			<string>0</string>
			<key>isa</key>
			<string>PBXFileReference</string>
			<key>path</key>
			<string>PWListKit.app</string>
			<key>sourceTree</key>
			<string>BUILT_PRODUCTS_DIR</string>
		</dict>
		<key>0EF933C81EE670B1005B6EE6</key>
		<dict>
			<key>children</key>
			<array>
				<string>0EF933C71EE670B1005B6EE6</string>
			</array>
			<key>isa</key>
			<string>PBXGroup</string>
			<key>name</key>
			<string>Products</string>
			<key>sourceTree</key>
			<string>&lt;group&gt;</string>
		</dict>
		<key>0EF933C91EE670B1005B6EE6</key>
		<dict>
			<key>children</key>
			<array>
				<string>0EF934061EE6736F005B6EE6</string>
				<string>0EF934091EE6736F005B6EE6</string>
				<string>0EF934121EE6736F005B6EE6</string>
				<string>0EF934191EE6736F005B6EE6</string>
				<string>0EF933CD1EE670B1005B6EE6</string>
				<string>0EF933CE1EE670B1005B6EE6</string>
				<string>0EF933D61EE670B1005B6EE6</string>
				<string>0EF933DB1EE670B1005B6EE6</string>
				<string>0EF933D81EE670B1005B6EE6</string>
				<string>0EF933CB1EE670B1005B6EE6</string>
			</array>
			<key>isa</key>
			<string>PBXGroup</string>
			<key>path</key>
			<string>Examples</string>
			<key>sourceTree</key>
			<string>&lt;group&gt;</string>
		</dict>
		<key>0EF933CB1EE670B1005B6EE6</key>
		<dict>
			<key>isa</key>
			<string>PBXFileReference</string>
			<key>lastKnownFileType</key>
			<string>sourcecode.c.objc</string>
			<key>path</key>
			<string>main.m</string>
			<key>sourceTree</key>
			<string>&lt;group&gt;</string>
		</dict>
		<key>0EF933CC1EE670B1005B6EE6</key>
		<dict>
			<key>fileRef</key>
			<string>0EF933CB1EE670B1005B6EE6</string>
			<key>isa</key>
			<string>PBXBuildFile</string>
		</dict>
		<key>0EF933CD1EE670B1005B6EE6</key>
		<dict>
			<key>isa</key>
			<string>PBXFileReference</string>
			<key>lastKnownFileType</key>
			<string>sourcecode.c.h</string>
			<key>path</key>
			<string>AppDelegate.h</string>
			<key>sourceTree</key>
			<string>&lt;group&gt;</string>
		</dict>
		<key>0EF933CE1EE670B1005B6EE6</key>
		<dict>
			<key>isa</key>
			<string>PBXFileReference</string>
			<key>lastKnownFileType</key>
			<string>sourcecode.c.objc</string>
			<key>path</key>
			<string>AppDelegate.m</string>
			<key>sourceTree</key>
			<string>&lt;group&gt;</string>
		</dict>
		<key>0EF933CF1EE670B1005B6EE6</key>
		<dict>
			<key>fileRef</key>
			<string>0EF933CE1EE670B1005B6EE6</string>
			<key>isa</key>
			<string>PBXBuildFile</string>
		</dict>
		<key>0EF933D61EE670B1005B6EE6</key>
		<dict>
			<key>isa</key>
			<string>PBXFileReference</string>
			<key>lastKnownFileType</key>
			<string>folder.assetcatalog</string>
			<key>path</key>
			<string>Assets.xcassets</string>
			<key>sourceTree</key>
			<string>&lt;group&gt;</string>
		</dict>
		<key>0EF933D71EE670B1005B6EE6</key>
		<dict>
			<key>fileRef</key>
			<string>0EF933D61EE670B1005B6EE6</string>
			<key>isa</key>
			<string>PBXBuildFile</string>
		</dict>
		<key>0EF933D81EE670B1005B6EE6</key>
		<dict>
			<key>children</key>
			<array>
				<string>0EF933D91EE670B1005B6EE6</string>
			</array>
			<key>isa</key>
			<string>PBXVariantGroup</string>
			<key>name</key>
			<string>LaunchScreen.storyboard</string>
			<key>path</key>
			<string>.</string>
			<key>sourceTree</key>
			<string>&lt;group&gt;</string>
		</dict>
		<key>0EF933D91EE670B1005B6EE6</key>
		<dict>
			<key>isa</key>
			<string>PBXFileReference</string>
			<key>lastKnownFileType</key>
			<string>file.storyboard</string>
			<key>name</key>
			<string>Base</string>
			<key>path</key>
			<string>Base.lproj/LaunchScreen.storyboard</string>
			<key>sourceTree</key>
			<string>&lt;group&gt;</string>
		</dict>
		<key>0EF933DA1EE670B1005B6EE6</key>
		<dict>
			<key>fileRef</key>
			<string>0EF933D81EE670B1005B6EE6</string>
			<key>isa</key>
			<string>PBXBuildFile</string>
		</dict>
		<key>0EF933DB1EE670B1005B6EE6</key>
		<dict>
			<key>isa</key>
			<string>PBXFileReference</string>
			<key>lastKnownFileType</key>
			<string>text.plist.xml</string>
			<key>path</key>
			<string>Info.plist</string>
			<key>sourceTree</key>
			<string>&lt;group&gt;</string>
		</dict>
		<key>0EF933DC1EE670B1005B6EE6</key>
		<dict>
			<key>buildSettings</key>
			<dict>
				<key>ALWAYS_SEARCH_USER_PATHS</key>
				<string>NO</string>
				<key>CLANG_ANALYZER_NONNULL</key>
				<string>YES</string>
				<key>CLANG_ANALYZER_NUMBER_OBJECT_CONVERSION</key>
				<string>YES_AGGRESSIVE</string>
				<key>CLANG_CXX_LANGUAGE_STANDARD</key>
				<string>gnu++0x</string>
				<key>CLANG_CXX_LIBRARY</key>
				<string>libc++</string>
				<key>CLANG_ENABLE_MODULES</key>
				<string>YES</string>
				<key>CLANG_ENABLE_OBJC_ARC</key>
				<string>YES</string>
				<key>CLANG_WARN_BOOL_CONVERSION</key>
				<string>YES</string>
				<key>CLANG_WARN_CONSTANT_CONVERSION</key>
				<string>YES</string>
				<key>CLANG_WARN_DIRECT_OBJC_ISA_USAGE</key>
				<string>YES_ERROR</string>
				<key>CLANG_WARN_DOCUMENTATION_COMMENTS</key>
				<string>YES</string>
				<key>CLANG_WARN_EMPTY_BODY</key>
				<string>YES</string>
				<key>CLANG_WARN_ENUM_CONVERSION</key>
				<string>YES</string>
				<key>CLANG_WARN_INFINITE_RECURSION</key>
				<string>YES</string>
				<key>CLANG_WARN_INT_CONVERSION</key>
				<string>YES</string>
				<key>CLANG_WARN_OBJC_ROOT_CLASS</key>
				<string>YES_ERROR</string>
				<key>CLANG_WARN_SUSPICIOUS_MOVE</key>
				<string>YES</string>
				<key>CLANG_WARN_UNREACHABLE_CODE</key>
				<string>YES</string>
				<key>CLANG_WARN__DUPLICATE_METHOD_MATCH</key>
				<string>YES</string>
				<key>CODE_SIGN_IDENTITY[sdk=iphoneos*]</key>
				<string>iPhone Developer</string>
				<key>COPY_PHASE_STRIP</key>
				<string>NO</string>
				<key>DEBUG_INFORMATION_FORMAT</key>
				<string>dwarf</string>
				<key>ENABLE_STRICT_OBJC_MSGSEND</key>
				<string>YES</string>
				<key>ENABLE_TESTABILITY</key>
				<string>YES</string>
				<key>GCC_C_LANGUAGE_STANDARD</key>
				<string>gnu99</string>
				<key>GCC_DYNAMIC_NO_PIC</key>
				<string>NO</string>
				<key>GCC_NO_COMMON_BLOCKS</key>
				<string>YES</string>
				<key>GCC_OPTIMIZATION_LEVEL</key>
				<string>0</string>
				<key>GCC_PREPROCESSOR_DEFINITIONS</key>
				<array>
					<string>DEBUG=1</string>
					<string>$(inherited)</string>
				</array>
				<key>GCC_WARN_64_TO_32_BIT_CONVERSION</key>
				<string>YES</string>
				<key>GCC_WARN_ABOUT_RETURN_TYPE</key>
				<string>YES_ERROR</string>
				<key>GCC_WARN_UNDECLARED_SELECTOR</key>
				<string>YES</string>
				<key>GCC_WARN_UNINITIALIZED_AUTOS</key>
				<string>YES_AGGRESSIVE</string>
				<key>GCC_WARN_UNUSED_FUNCTION</key>
				<string>YES</string>
				<key>GCC_WARN_UNUSED_VARIABLE</key>
				<string>YES</string>
				<key>IPHONEOS_DEPLOYMENT_TARGET</key>
				<string>10.3</string>
				<key>MTL_ENABLE_DEBUG_INFO</key>
				<string>YES</string>
				<key>ONLY_ACTIVE_ARCH</key>
				<string>YES</string>
				<key>SDKROOT</key>
				<string>iphoneos</string>
			</dict>
			<key>isa</key>
			<string>XCBuildConfiguration</string>
			<key>name</key>
			<string>Debug</string>
		</dict>
		<key>0EF933DD1EE670B1005B6EE6</key>
		<dict>
			<key>buildSettings</key>
			<dict>
				<key>ALWAYS_SEARCH_USER_PATHS</key>
				<string>NO</string>
				<key>CLANG_ANALYZER_NONNULL</key>
				<string>YES</string>
				<key>CLANG_ANALYZER_NUMBER_OBJECT_CONVERSION</key>
				<string>YES_AGGRESSIVE</string>
				<key>CLANG_CXX_LANGUAGE_STANDARD</key>
				<string>gnu++0x</string>
				<key>CLANG_CXX_LIBRARY</key>
				<string>libc++</string>
				<key>CLANG_ENABLE_MODULES</key>
				<string>YES</string>
				<key>CLANG_ENABLE_OBJC_ARC</key>
				<string>YES</string>
				<key>CLANG_WARN_BOOL_CONVERSION</key>
				<string>YES</string>
				<key>CLANG_WARN_CONSTANT_CONVERSION</key>
				<string>YES</string>
				<key>CLANG_WARN_DIRECT_OBJC_ISA_USAGE</key>
				<string>YES_ERROR</string>
				<key>CLANG_WARN_DOCUMENTATION_COMMENTS</key>
				<string>YES</string>
				<key>CLANG_WARN_EMPTY_BODY</key>
				<string>YES</string>
				<key>CLANG_WARN_ENUM_CONVERSION</key>
				<string>YES</string>
				<key>CLANG_WARN_INFINITE_RECURSION</key>
				<string>YES</string>
				<key>CLANG_WARN_INT_CONVERSION</key>
				<string>YES</string>
				<key>CLANG_WARN_OBJC_ROOT_CLASS</key>
				<string>YES_ERROR</string>
				<key>CLANG_WARN_SUSPICIOUS_MOVE</key>
				<string>YES</string>
				<key>CLANG_WARN_UNREACHABLE_CODE</key>
				<string>YES</string>
				<key>CLANG_WARN__DUPLICATE_METHOD_MATCH</key>
				<string>YES</string>
				<key>CODE_SIGN_IDENTITY[sdk=iphoneos*]</key>
				<string>iPhone Developer</string>
				<key>COPY_PHASE_STRIP</key>
				<string>NO</string>
				<key>DEBUG_INFORMATION_FORMAT</key>
				<string>dwarf-with-dsym</string>
				<key>ENABLE_NS_ASSERTIONS</key>
				<string>NO</string>
				<key>ENABLE_STRICT_OBJC_MSGSEND</key>
				<string>YES</string>
				<key>GCC_C_LANGUAGE_STANDARD</key>
				<string>gnu99</string>
				<key>GCC_NO_COMMON_BLOCKS</key>
				<string>YES</string>
				<key>GCC_WARN_64_TO_32_BIT_CONVERSION</key>
				<string>YES</string>
				<key>GCC_WARN_ABOUT_RETURN_TYPE</key>
				<string>YES_ERROR</string>
				<key>GCC_WARN_UNDECLARED_SELECTOR</key>
				<string>YES</string>
				<key>GCC_WARN_UNINITIALIZED_AUTOS</key>
				<string>YES_AGGRESSIVE</string>
				<key>GCC_WARN_UNUSED_FUNCTION</key>
				<string>YES</string>
				<key>GCC_WARN_UNUSED_VARIABLE</key>
				<string>YES</string>
				<key>IPHONEOS_DEPLOYMENT_TARGET</key>
				<string>10.3</string>
				<key>MTL_ENABLE_DEBUG_INFO</key>
				<string>NO</string>
				<key>SDKROOT</key>
				<string>iphoneos</string>
				<key>VALIDATE_PRODUCT</key>
				<string>YES</string>
			</dict>
			<key>isa</key>
			<string>XCBuildConfiguration</string>
			<key>name</key>
			<string>Release</string>
		</dict>
		<key>0EF933DE1EE670B1005B6EE6</key>
		<dict>
			<key>buildConfigurations</key>
			<array>
				<string>0EF933DF1EE670B1005B6EE6</string>
				<string>0EF933E01EE670B1005B6EE6</string>
			</array>
			<key>defaultConfigurationIsVisible</key>
			<string>0</string>
			<key>defaultConfigurationName</key>
			<string>Release</string>
			<key>isa</key>
			<string>XCConfigurationList</string>
		</dict>
		<key>0EF933DF1EE670B1005B6EE6</key>
		<dict>
			<key>baseConfigurationReference</key>
			<string>2EDB620EF4BE8004768EC95E</string>
			<key>buildSettings</key>
			<dict>
				<key>ASSETCATALOG_COMPILER_APPICON_NAME</key>
				<string>AppIcon</string>
				<key>DEVELOPMENT_TEAM</key>
				<string>65UUVDTS99</string>
				<key>INFOPLIST_FILE</key>
				<string>Examples/Info.plist</string>
				<key>LD_RUNPATH_SEARCH_PATHS</key>
				<string>$(inherited) @executable_path/Frameworks</string>
				<key>PRODUCT_BUNDLE_IDENTIFIER</key>
				<string>com.parallelworld.PWListKit</string>
				<key>PRODUCT_NAME</key>
				<string>$(TARGET_NAME)</string>
			</dict>
			<key>isa</key>
			<string>XCBuildConfiguration</string>
			<key>name</key>
			<string>Debug</string>
		</dict>
		<key>0EF933E01EE670B1005B6EE6</key>
		<dict>
			<key>baseConfigurationReference</key>
			<string>82DA7877F5DBB93520DBB6C7</string>
			<key>buildSettings</key>
			<dict>
				<key>ASSETCATALOG_COMPILER_APPICON_NAME</key>
				<string>AppIcon</string>
				<key>DEVELOPMENT_TEAM</key>
				<string>65UUVDTS99</string>
				<key>INFOPLIST_FILE</key>
				<string>Examples/Info.plist</string>
				<key>LD_RUNPATH_SEARCH_PATHS</key>
				<string>$(inherited) @executable_path/Frameworks</string>
				<key>PRODUCT_BUNDLE_IDENTIFIER</key>
				<string>com.parallelworld.PWListKit</string>
				<key>PRODUCT_NAME</key>
				<string>$(TARGET_NAME)</string>
			</dict>
			<key>isa</key>
			<string>XCBuildConfiguration</string>
			<key>name</key>
			<string>Release</string>
		</dict>
		<key>0EF933E11EE67288005B6EE6</key>
		<dict>
			<key>children</key>
			<array>
				<string>0EF933E21EE67294005B6EE6</string>
				<string>0EF933F01EE67294005B6EE6</string>
				<string>0EF934331EE6BBC9005B6EE6</string>
				<string>0EF933ED1EE67294005B6EE6</string>
				<string>0EF934311EE6B508005B6EE6</string>
				<string>0EF933EE1EE67294005B6EE6</string>
				<string>0EF933EF1EE67294005B6EE6</string>
			</array>
			<key>isa</key>
			<string>PBXGroup</string>
			<key>path</key>
			<string>Source</string>
			<key>sourceTree</key>
			<string>&lt;group&gt;</string>
		</dict>
		<key>0EF933E21EE67294005B6EE6</key>
		<dict>
			<key>children</key>
			<array>
				<string>0EF933E31EE67294005B6EE6</string>
				<string>0EF933E41EE67294005B6EE6</string>
				<string>0EF933E51EE67294005B6EE6</string>
				<string>0EF933E61EE67294005B6EE6</string>
				<string>0EF933E71EE67294005B6EE6</string>
				<string>0EF933E81EE67294005B6EE6</string>
				<string>0EF933E91EE67294005B6EE6</string>
				<string>0EF933EA1EE67294005B6EE6</string>
				<string>0EF933EB1EE67294005B6EE6</string>
				<string>0EF933EC1EE67294005B6EE6</string>
			</array>
			<key>isa</key>
			<string>PBXGroup</string>
			<key>path</key>
			<string>CollectionView</string>
			<key>sourceTree</key>
			<string>&lt;group&gt;</string>
		</dict>
		<key>0EF933E31EE67294005B6EE6</key>
		<dict>
			<key>fileEncoding</key>
			<string>4</string>
			<key>isa</key>
			<string>PBXFileReference</string>
			<key>lastKnownFileType</key>
			<string>sourcecode.c.h</string>
			<key>path</key>
			<string>PWCollectionAdapter.h</string>
			<key>sourceTree</key>
			<string>&lt;group&gt;</string>
		</dict>
		<key>0EF933E41EE67294005B6EE6</key>
		<dict>
			<key>fileEncoding</key>
			<string>4</string>
			<key>isa</key>
			<string>PBXFileReference</string>
			<key>lastKnownFileType</key>
			<string>sourcecode.c.objc</string>
			<key>path</key>
			<string>PWCollectionAdapter.m</string>
			<key>sourceTree</key>
			<string>&lt;group&gt;</string>
		</dict>
		<key>0EF933E51EE67294005B6EE6</key>
		<dict>
			<key>fileEncoding</key>
			<string>4</string>
			<key>isa</key>
			<string>PBXFileReference</string>
			<key>lastKnownFileType</key>
			<string>sourcecode.c.h</string>
			<key>path</key>
			<string>PWCollectionAdapterProxy.h</string>
			<key>sourceTree</key>
			<string>&lt;group&gt;</string>
		</dict>
		<key>0EF933E61EE67294005B6EE6</key>
		<dict>
			<key>fileEncoding</key>
			<string>4</string>
			<key>isa</key>
			<string>PBXFileReference</string>
			<key>lastKnownFileType</key>
			<string>sourcecode.c.objc</string>
			<key>path</key>
			<string>PWCollectionAdapterProxy.m</string>
			<key>sourceTree</key>
			<string>&lt;group&gt;</string>
		</dict>
		<key>0EF933E71EE67294005B6EE6</key>
		<dict>
			<key>fileEncoding</key>
			<string>4</string>
			<key>isa</key>
			<string>PBXFileReference</string>
			<key>lastKnownFileType</key>
			<string>sourcecode.c.h</string>
			<key>path</key>
			<string>PWCollectionContext.h</string>
			<key>sourceTree</key>
			<string>&lt;group&gt;</string>
		</dict>
		<key>0EF933E81EE67294005B6EE6</key>
		<dict>
			<key>fileEncoding</key>
			<string>4</string>
			<key>isa</key>
			<string>PBXFileReference</string>
			<key>lastKnownFileType</key>
			<string>sourcecode.c.objc</string>
			<key>path</key>
			<string>PWCollectionContext.m</string>
			<key>sourceTree</key>
			<string>&lt;group&gt;</string>
		</dict>
		<key>0EF933E91EE67294005B6EE6</key>
		<dict>
			<key>fileEncoding</key>
			<string>4</string>
			<key>isa</key>
			<string>PBXFileReference</string>
			<key>lastKnownFileType</key>
			<string>sourcecode.c.h</string>
			<key>path</key>
			<string>PWCollectionItem.h</string>
			<key>sourceTree</key>
			<string>&lt;group&gt;</string>
		</dict>
		<key>0EF933EA1EE67294005B6EE6</key>
		<dict>
			<key>fileEncoding</key>
			<string>4</string>
			<key>isa</key>
			<string>PBXFileReference</string>
			<key>lastKnownFileType</key>
			<string>sourcecode.c.objc</string>
			<key>path</key>
			<string>PWCollectionItem.m</string>
			<key>sourceTree</key>
			<string>&lt;group&gt;</string>
		</dict>
		<key>0EF933EB1EE67294005B6EE6</key>
		<dict>
			<key>fileEncoding</key>
			<string>4</string>
			<key>isa</key>
			<string>PBXFileReference</string>
			<key>lastKnownFileType</key>
			<string>sourcecode.c.h</string>
			<key>path</key>
			<string>PWCollectionSection.h</string>
			<key>sourceTree</key>
			<string>&lt;group&gt;</string>
		</dict>
		<key>0EF933EC1EE67294005B6EE6</key>
		<dict>
			<key>fileEncoding</key>
			<string>4</string>
			<key>isa</key>
			<string>PBXFileReference</string>
			<key>lastKnownFileType</key>
			<string>sourcecode.c.objc</string>
			<key>path</key>
			<string>PWCollectionSection.m</string>
			<key>sourceTree</key>
			<string>&lt;group&gt;</string>
		</dict>
		<key>0EF933ED1EE67294005B6EE6</key>
		<dict>
			<key>fileEncoding</key>
			<string>4</string>
			<key>isa</key>
			<string>PBXFileReference</string>
			<key>lastKnownFileType</key>
			<string>sourcecode.c.h</string>
			<key>path</key>
			<string>PWListKit.h</string>
			<key>sourceTree</key>
			<string>&lt;group&gt;</string>
		</dict>
		<key>0EF933EE1EE67294005B6EE6</key>
		<dict>
			<key>fileEncoding</key>
			<string>4</string>
			<key>isa</key>
			<string>PBXFileReference</string>
			<key>lastKnownFileType</key>
			<string>sourcecode.c.h</string>
			<key>path</key>
			<string>PWListNode.h</string>
			<key>sourceTree</key>
			<string>&lt;group&gt;</string>
		</dict>
		<key>0EF933EF1EE67294005B6EE6</key>
		<dict>
			<key>fileEncoding</key>
			<string>4</string>
			<key>isa</key>
			<string>PBXFileReference</string>
			<key>lastKnownFileType</key>
			<string>sourcecode.c.objc</string>
			<key>path</key>
			<string>PWListNode.m</string>
			<key>sourceTree</key>
			<string>&lt;group&gt;</string>
		</dict>
		<key>0EF933F01EE67294005B6EE6</key>
		<dict>
			<key>children</key>
			<array>
				<string>0EF933F11EE67294005B6EE6</string>
				<string>0EF933F21EE67294005B6EE6</string>
				<string>0EF933F31EE67294005B6EE6</string>
				<string>0EF933F41EE67294005B6EE6</string>
				<string>0EF933F51EE67294005B6EE6</string>
				<string>0EF933F61EE67294005B6EE6</string>
				<string>0EF933F71EE67294005B6EE6</string>
				<string>0EF933F81EE67294005B6EE6</string>
				<string>0EF933F91EE67294005B6EE6</string>
				<string>0EF933FA1EE67294005B6EE6</string>
			</array>
			<key>isa</key>
			<string>PBXGroup</string>
			<key>path</key>
			<string>TableView</string>
			<key>sourceTree</key>
			<string>&lt;group&gt;</string>
		</dict>
		<key>0EF933F11EE67294005B6EE6</key>
		<dict>
			<key>fileEncoding</key>
			<string>4</string>
			<key>isa</key>
			<string>PBXFileReference</string>
			<key>lastKnownFileType</key>
			<string>sourcecode.c.h</string>
			<key>path</key>
			<string>PWTableAdapter.h</string>
			<key>sourceTree</key>
			<string>&lt;group&gt;</string>
		</dict>
		<key>0EF933F21EE67294005B6EE6</key>
		<dict>
			<key>fileEncoding</key>
			<string>4</string>
			<key>isa</key>
			<string>PBXFileReference</string>
			<key>lastKnownFileType</key>
			<string>sourcecode.c.objc</string>
			<key>path</key>
			<string>PWTableAdapter.m</string>
			<key>sourceTree</key>
			<string>&lt;group&gt;</string>
		</dict>
		<key>0EF933F31EE67294005B6EE6</key>
		<dict>
			<key>fileEncoding</key>
			<string>4</string>
			<key>isa</key>
			<string>PBXFileReference</string>
			<key>lastKnownFileType</key>
			<string>sourcecode.c.h</string>
			<key>path</key>
			<string>PWTableHeaderFooter.h</string>
			<key>sourceTree</key>
			<string>&lt;group&gt;</string>
		</dict>
		<key>0EF933F41EE67294005B6EE6</key>
		<dict>
			<key>fileEncoding</key>
			<string>4</string>
			<key>isa</key>
			<string>PBXFileReference</string>
			<key>lastKnownFileType</key>
			<string>sourcecode.c.objc</string>
			<key>path</key>
			<string>PWTableHeaderFooter.m</string>
			<key>sourceTree</key>
			<string>&lt;group&gt;</string>
		</dict>
		<key>0EF933F51EE67294005B6EE6</key>
		<dict>
			<key>fileEncoding</key>
			<string>4</string>
			<key>isa</key>
			<string>PBXFileReference</string>
			<key>lastKnownFileType</key>
			<string>sourcecode.c.h</string>
			<key>path</key>
			<string>PWTableRow.h</string>
			<key>sourceTree</key>
			<string>&lt;group&gt;</string>
		</dict>
		<key>0EF933F61EE67294005B6EE6</key>
		<dict>
			<key>fileEncoding</key>
			<string>4</string>
			<key>isa</key>
			<string>PBXFileReference</string>
			<key>lastKnownFileType</key>
			<string>sourcecode.c.objc</string>
			<key>path</key>
			<string>PWTableRow.m</string>
			<key>sourceTree</key>
			<string>&lt;group&gt;</string>
		</dict>
		<key>0EF933F71EE67294005B6EE6</key>
		<dict>
			<key>fileEncoding</key>
			<string>4</string>
			<key>isa</key>
			<string>PBXFileReference</string>
			<key>lastKnownFileType</key>
			<string>sourcecode.c.h</string>
			<key>path</key>
			<string>PWTableSection.h</string>
			<key>sourceTree</key>
			<string>&lt;group&gt;</string>
		</dict>
		<key>0EF933F81EE67294005B6EE6</key>
		<dict>
			<key>fileEncoding</key>
			<string>4</string>
			<key>isa</key>
			<string>PBXFileReference</string>
			<key>lastKnownFileType</key>
			<string>sourcecode.c.objc</string>
			<key>path</key>
			<string>PWTableSection.m</string>
			<key>sourceTree</key>
			<string>&lt;group&gt;</string>
		</dict>
		<key>0EF933F91EE67294005B6EE6</key>
		<dict>
			<key>fileEncoding</key>
			<string>4</string>
			<key>isa</key>
			<string>PBXFileReference</string>
			<key>lastKnownFileType</key>
			<string>sourcecode.c.h</string>
			<key>path</key>
			<string>UITableView+PWTemplateLayoutCell.h</string>
			<key>sourceTree</key>
			<string>&lt;group&gt;</string>
		</dict>
		<key>0EF933FA1EE67294005B6EE6</key>
		<dict>
			<key>fileEncoding</key>
			<string>4</string>
			<key>isa</key>
			<string>PBXFileReference</string>
			<key>lastKnownFileType</key>
			<string>sourcecode.c.objc</string>
			<key>path</key>
			<string>UITableView+PWTemplateLayoutCell.m</string>
			<key>sourceTree</key>
			<string>&lt;group&gt;</string>
		</dict>
		<key>0EF933FB1EE67294005B6EE6</key>
		<dict>
			<key>fileRef</key>
			<string>0EF933E41EE67294005B6EE6</string>
			<key>isa</key>
			<string>PBXBuildFile</string>
		</dict>
		<key>0EF933FC1EE67294005B6EE6</key>
		<dict>
			<key>fileRef</key>
			<string>0EF933E61EE67294005B6EE6</string>
			<key>isa</key>
			<string>PBXBuildFile</string>
		</dict>
		<key>0EF933FD1EE67294005B6EE6</key>
		<dict>
			<key>fileRef</key>
			<string>0EF933E81EE67294005B6EE6</string>
			<key>isa</key>
			<string>PBXBuildFile</string>
		</dict>
		<key>0EF933FE1EE67294005B6EE6</key>
		<dict>
			<key>fileRef</key>
			<string>0EF933EA1EE67294005B6EE6</string>
			<key>isa</key>
			<string>PBXBuildFile</string>
		</dict>
		<key>0EF933FF1EE67294005B6EE6</key>
		<dict>
			<key>fileRef</key>
			<string>0EF933EC1EE67294005B6EE6</string>
			<key>isa</key>
			<string>PBXBuildFile</string>
		</dict>
		<key>0EF934001EE67294005B6EE6</key>
		<dict>
			<key>fileRef</key>
			<string>0EF933EF1EE67294005B6EE6</string>
			<key>isa</key>
			<string>PBXBuildFile</string>
		</dict>
		<key>0EF934011EE67294005B6EE6</key>
		<dict>
			<key>fileRef</key>
			<string>0EF933F21EE67294005B6EE6</string>
			<key>isa</key>
			<string>PBXBuildFile</string>
		</dict>
		<key>0EF934021EE67294005B6EE6</key>
		<dict>
			<key>fileRef</key>
			<string>0EF933F41EE67294005B6EE6</string>
			<key>isa</key>
			<string>PBXBuildFile</string>
		</dict>
		<key>0EF934031EE67294005B6EE6</key>
		<dict>
			<key>fileRef</key>
			<string>0EF933F61EE67294005B6EE6</string>
			<key>isa</key>
			<string>PBXBuildFile</string>
		</dict>
		<key>0EF934041EE67294005B6EE6</key>
		<dict>
			<key>fileRef</key>
			<string>0EF933F81EE67294005B6EE6</string>
			<key>isa</key>
			<string>PBXBuildFile</string>
		</dict>
		<key>0EF934051EE67294005B6EE6</key>
		<dict>
			<key>fileRef</key>
			<string>0EF933FA1EE67294005B6EE6</string>
			<key>isa</key>
			<string>PBXBuildFile</string>
		</dict>
		<key>0EF934061EE6736F005B6EE6</key>
		<dict>
			<key>children</key>
			<array>
				<string>0EF934071EE6736F005B6EE6</string>
				<string>0EF934081EE6736F005B6EE6</string>
			</array>
			<key>isa</key>
			<string>PBXGroup</string>
			<key>path</key>
			<string>CollectionCells</string>
			<key>sourceTree</key>
			<string>&lt;group&gt;</string>
		</dict>
		<key>0EF934071EE6736F005B6EE6</key>
		<dict>
			<key>fileEncoding</key>
			<string>4</string>
			<key>isa</key>
			<string>PBXFileReference</string>
			<key>lastKnownFileType</key>
			<string>sourcecode.c.h</string>
			<key>path</key>
			<string>CollectionColorCell.h</string>
			<key>sourceTree</key>
			<string>&lt;group&gt;</string>
		</dict>
		<key>0EF934081EE6736F005B6EE6</key>
		<dict>
			<key>fileEncoding</key>
			<string>4</string>
			<key>isa</key>
			<string>PBXFileReference</string>
			<key>lastKnownFileType</key>
			<string>sourcecode.c.objc</string>
			<key>path</key>
			<string>CollectionColorCell.m</string>
			<key>sourceTree</key>
			<string>&lt;group&gt;</string>
		</dict>
		<key>0EF934091EE6736F005B6EE6</key>
		<dict>
			<key>children</key>
			<array>
				<string>0EF9340A1EE6736F005B6EE6</string>
				<string>0EF9340B1EE6736F005B6EE6</string>
				<string>0EF9340C1EE6736F005B6EE6</string>
				<string>0EF9340D1EE6736F005B6EE6</string>
				<string>0EF9340E1EE6736F005B6EE6</string>
				<string>0EF9340F1EE6736F005B6EE6</string>
				<string>0EF934101EE6736F005B6EE6</string>
				<string>0EF934111EE6736F005B6EE6</string>
			</array>
			<key>isa</key>
			<string>PBXGroup</string>
			<key>path</key>
			<string>TableCells</string>
			<key>sourceTree</key>
			<string>&lt;group&gt;</string>
		</dict>
		<key>0EF9340A1EE6736F005B6EE6</key>
		<dict>
			<key>fileEncoding</key>
			<string>4</string>
			<key>isa</key>
			<string>PBXFileReference</string>
			<key>lastKnownFileType</key>
			<string>sourcecode.c.h</string>
			<key>path</key>
			<string>CarouselTableCell.h</string>
			<key>sourceTree</key>
			<string>&lt;group&gt;</string>
		</dict>
		<key>0EF9340B1EE6736F005B6EE6</key>
		<dict>
			<key>fileEncoding</key>
			<string>4</string>
			<key>isa</key>
			<string>PBXFileReference</string>
			<key>lastKnownFileType</key>
			<string>sourcecode.c.objc</string>
			<key>path</key>
			<string>CarouselTableCell.m</string>
			<key>sourceTree</key>
			<string>&lt;group&gt;</string>
		</dict>
		<key>0EF9340C1EE6736F005B6EE6</key>
		<dict>
			<key>fileEncoding</key>
			<string>4</string>
			<key>isa</key>
			<string>PBXFileReference</string>
			<key>lastKnownFileType</key>
			<string>sourcecode.c.h</string>
			<key>path</key>
			<string>LabelTableCell.h</string>
			<key>sourceTree</key>
			<string>&lt;group&gt;</string>
		</dict>
		<key>0EF9340D1EE6736F005B6EE6</key>
		<dict>
			<key>fileEncoding</key>
			<string>4</string>
			<key>isa</key>
			<string>PBXFileReference</string>
			<key>lastKnownFileType</key>
			<string>sourcecode.c.objc</string>
			<key>path</key>
			<string>LabelTableCell.m</string>
			<key>sourceTree</key>
			<string>&lt;group&gt;</string>
		</dict>
		<key>0EF9340E1EE6736F005B6EE6</key>
		<dict>
			<key>fileEncoding</key>
			<string>4</string>
			<key>isa</key>
			<string>PBXFileReference</string>
			<key>lastKnownFileType</key>
			<string>sourcecode.c.h</string>
			<key>path</key>
			<string>MultilineLabelTableCell.h</string>
			<key>sourceTree</key>
			<string>&lt;group&gt;</string>
		</dict>
		<key>0EF9340F1EE6736F005B6EE6</key>
		<dict>
			<key>fileEncoding</key>
			<string>4</string>
			<key>isa</key>
			<string>PBXFileReference</string>
			<key>lastKnownFileType</key>
			<string>sourcecode.c.objc</string>
			<key>path</key>
			<string>MultilineLabelTableCell.m</string>
			<key>sourceTree</key>
			<string>&lt;group&gt;</string>
		</dict>
		<key>0EF934101EE6736F005B6EE6</key>
		<dict>
			<key>fileEncoding</key>
			<string>4</string>
			<key>isa</key>
			<string>PBXFileReference</string>
			<key>lastKnownFileType</key>
			<string>sourcecode.c.h</string>
			<key>path</key>
			<string>RemoveTableCell.h</string>
			<key>sourceTree</key>
			<string>&lt;group&gt;</string>
		</dict>
		<key>0EF934111EE6736F005B6EE6</key>
		<dict>
			<key>fileEncoding</key>
			<string>4</string>
			<key>isa</key>
			<string>PBXFileReference</string>
			<key>lastKnownFileType</key>
			<string>sourcecode.c.objc</string>
			<key>path</key>
			<string>RemoveTableCell.m</string>
			<key>sourceTree</key>
			<string>&lt;group&gt;</string>
		</dict>
		<key>0EF934121EE6736F005B6EE6</key>
		<dict>
			<key>children</key>
			<array>
				<string>0EF934131EE6736F005B6EE6</string>
				<string>0EF934141EE6736F005B6EE6</string>
				<string>0EF934151EE6736F005B6EE6</string>
				<string>0EF934161EE6736F005B6EE6</string>
			</array>
			<key>isa</key>
			<string>PBXGroup</string>
			<key>path</key>
			<string>TableHeaderFooters</string>
			<key>sourceTree</key>
			<string>&lt;group&gt;</string>
		</dict>
		<key>0EF934131EE6736F005B6EE6</key>
		<dict>
			<key>fileEncoding</key>
			<string>4</string>
			<key>isa</key>
			<string>PBXFileReference</string>
			<key>lastKnownFileType</key>
			<string>sourcecode.c.h</string>
			<key>path</key>
			<string>TableFooterView.h</string>
			<key>sourceTree</key>
			<string>&lt;group&gt;</string>
		</dict>
		<key>0EF934141EE6736F005B6EE6</key>
		<dict>
			<key>fileEncoding</key>
			<string>4</string>
			<key>isa</key>
			<string>PBXFileReference</string>
			<key>lastKnownFileType</key>
			<string>sourcecode.c.objc</string>
			<key>path</key>
			<string>TableFooterView.m</string>
			<key>sourceTree</key>
			<string>&lt;group&gt;</string>
		</dict>
		<key>0EF934151EE6736F005B6EE6</key>
		<dict>
			<key>fileEncoding</key>
			<string>4</string>
			<key>isa</key>
			<string>PBXFileReference</string>
			<key>lastKnownFileType</key>
			<string>sourcecode.c.h</string>
			<key>path</key>
			<string>TableHeaderView.h</string>
			<key>sourceTree</key>
			<string>&lt;group&gt;</string>
		</dict>
		<key>0EF934161EE6736F005B6EE6</key>
		<dict>
			<key>fileEncoding</key>
			<string>4</string>
			<key>isa</key>
			<string>PBXFileReference</string>
			<key>lastKnownFileType</key>
			<string>sourcecode.c.objc</string>
			<key>path</key>
			<string>TableHeaderView.m</string>
			<key>sourceTree</key>
			<string>&lt;group&gt;</string>
		</dict>
		<key>0EF934191EE6736F005B6EE6</key>
		<dict>
			<key>children</key>
			<array>
				<string>0EF9341A1EE6736F005B6EE6</string>
				<string>0EF9341B1EE6736F005B6EE6</string>
				<string>0EF9341C1EE6736F005B6EE6</string>
				<string>0EF9341D1EE6736F005B6EE6</string>
				<string>0EF9341E1EE6736F005B6EE6</string>
				<string>0EF9341F1EE6736F005B6EE6</string>
				<string>0EF934201EE6736F005B6EE6</string>
				<string>0EF934211EE6736F005B6EE6</string>
				<string>0EF934221EE6736F005B6EE6</string>
				<string>0EF934231EE6736F005B6EE6</string>
			</array>
			<key>isa</key>
			<string>PBXGroup</string>
			<key>path</key>
			<string>ViewControllers</string>
			<key>sourceTree</key>
			<string>&lt;group&gt;</string>
		</dict>
		<key>0EF9341A1EE6736F005B6EE6</key>
		<dict>
			<key>fileEncoding</key>
			<string>4</string>
			<key>isa</key>
			<string>PBXFileReference</string>
			<key>lastKnownFileType</key>
			<string>sourcecode.c.h</string>
			<key>path</key>
			<string>BaseViewController.h</string>
			<key>sourceTree</key>
			<string>&lt;group&gt;</string>
		</dict>
		<key>0EF9341B1EE6736F005B6EE6</key>
		<dict>
			<key>fileEncoding</key>
			<string>4</string>
			<key>isa</key>
			<string>PBXFileReference</string>
			<key>lastKnownFileType</key>
			<string>sourcecode.c.objc</string>
			<key>path</key>
			<string>BaseViewController.m</string>
			<key>sourceTree</key>
			<string>&lt;group&gt;</string>
		</dict>
		<key>0EF9341C1EE6736F005B6EE6</key>
		<dict>
			<key>fileEncoding</key>
			<string>4</string>
			<key>isa</key>
			<string>PBXFileReference</string>
			<key>lastKnownFileType</key>
			<string>sourcecode.c.h</string>
			<key>path</key>
			<string>DemosViewController.h</string>
			<key>sourceTree</key>
			<string>&lt;group&gt;</string>
		</dict>
		<key>0EF9341D1EE6736F005B6EE6</key>
		<dict>
			<key>fileEncoding</key>
			<string>4</string>
			<key>isa</key>
			<string>PBXFileReference</string>
			<key>lastKnownFileType</key>
			<string>sourcecode.c.objc</string>
			<key>path</key>
			<string>DemosViewController.m</string>
			<key>sourceTree</key>
			<string>&lt;group&gt;</string>
		</dict>
		<key>0EF9341E1EE6736F005B6EE6</key>
		<dict>
			<key>fileEncoding</key>
			<string>4</string>
			<key>isa</key>
			<string>PBXFileReference</string>
			<key>lastKnownFileType</key>
			<string>sourcecode.c.h</string>
			<key>path</key>
			<string>EmptyViewController.h</string>
			<key>sourceTree</key>
			<string>&lt;group&gt;</string>
		</dict>
		<key>0EF9341F1EE6736F005B6EE6</key>
		<dict>
			<key>fileEncoding</key>
			<string>4</string>
			<key>isa</key>
			<string>PBXFileReference</string>
			<key>lastKnownFileType</key>
			<string>sourcecode.c.objc</string>
			<key>path</key>
			<string>EmptyViewController.m</string>
			<key>sourceTree</key>
			<string>&lt;group&gt;</string>
		</dict>
		<key>0EF934201EE6736F005B6EE6</key>
		<dict>
			<key>fileEncoding</key>
			<string>4</string>
			<key>isa</key>
			<string>PBXFileReference</string>
			<key>lastKnownFileType</key>
			<string>sourcecode.c.h</string>
			<key>path</key>
			<string>MixedDataViewController.h</string>
			<key>sourceTree</key>
			<string>&lt;group&gt;</string>
		</dict>
		<key>0EF934211EE6736F005B6EE6</key>
		<dict>
			<key>fileEncoding</key>
			<string>4</string>
			<key>isa</key>
			<string>PBXFileReference</string>
			<key>lastKnownFileType</key>
			<string>sourcecode.c.objc</string>
			<key>path</key>
			<string>MixedDataViewController.m</string>
			<key>sourceTree</key>
			<string>&lt;group&gt;</string>
		</dict>
		<key>0EF934221EE6736F005B6EE6</key>
		<dict>
			<key>fileEncoding</key>
			<string>4</string>
			<key>isa</key>
			<string>PBXFileReference</string>
			<key>lastKnownFileType</key>
			<string>sourcecode.c.h</string>
			<key>path</key>
			<string>TableDifferentCellHeightViewController.h</string>
			<key>sourceTree</key>
			<string>&lt;group&gt;</string>
		</dict>
		<key>0EF934231EE6736F005B6EE6</key>
		<dict>
			<key>fileEncoding</key>
			<string>4</string>
			<key>isa</key>
			<string>PBXFileReference</string>
			<key>lastKnownFileType</key>
			<string>sourcecode.c.objc</string>
			<key>path</key>
			<string>TableDifferentCellHeightViewController.m</string>
			<key>sourceTree</key>
			<string>&lt;group&gt;</string>
		</dict>
		<key>0EF934241EE6736F005B6EE6</key>
		<dict>
			<key>fileRef</key>
			<string>0EF934081EE6736F005B6EE6</string>
			<key>isa</key>
			<string>PBXBuildFile</string>
		</dict>
		<key>0EF934251EE6736F005B6EE6</key>
		<dict>
			<key>fileRef</key>
			<string>0EF9340B1EE6736F005B6EE6</string>
			<key>isa</key>
			<string>PBXBuildFile</string>
		</dict>
		<key>0EF934261EE6736F005B6EE6</key>
		<dict>
			<key>fileRef</key>
			<string>0EF9340D1EE6736F005B6EE6</string>
			<key>isa</key>
			<string>PBXBuildFile</string>
		</dict>
		<key>0EF934271EE6736F005B6EE6</key>
		<dict>
			<key>fileRef</key>
			<string>0EF9340F1EE6736F005B6EE6</string>
			<key>isa</key>
			<string>PBXBuildFile</string>
		</dict>
		<key>0EF934281EE6736F005B6EE6</key>
		<dict>
			<key>fileRef</key>
			<string>0EF934111EE6736F005B6EE6</string>
			<key>isa</key>
			<string>PBXBuildFile</string>
		</dict>
		<key>0EF934291EE6736F005B6EE6</key>
		<dict>
			<key>fileRef</key>
			<string>0EF934141EE6736F005B6EE6</string>
			<key>isa</key>
			<string>PBXBuildFile</string>
		</dict>
		<key>0EF9342A1EE6736F005B6EE6</key>
		<dict>
			<key>fileRef</key>
			<string>0EF934161EE6736F005B6EE6</string>
			<key>isa</key>
			<string>PBXBuildFile</string>
		</dict>
		<key>0EF9342C1EE6736F005B6EE6</key>
		<dict>
			<key>fileRef</key>
			<string>0EF9341B1EE6736F005B6EE6</string>
			<key>isa</key>
			<string>PBXBuildFile</string>
		</dict>
		<key>0EF9342D1EE6736F005B6EE6</key>
		<dict>
			<key>fileRef</key>
			<string>0EF9341D1EE6736F005B6EE6</string>
			<key>isa</key>
			<string>PBXBuildFile</string>
		</dict>
		<key>0EF9342E1EE6736F005B6EE6</key>
		<dict>
			<key>fileRef</key>
			<string>0EF9341F1EE6736F005B6EE6</string>
			<key>isa</key>
			<string>PBXBuildFile</string>
		</dict>
		<key>0EF9342F1EE6736F005B6EE6</key>
		<dict>
			<key>fileRef</key>
			<string>0EF934211EE6736F005B6EE6</string>
			<key>isa</key>
			<string>PBXBuildFile</string>
		</dict>
		<key>0EF934301EE6736F005B6EE6</key>
		<dict>
			<key>fileRef</key>
			<string>0EF934231EE6736F005B6EE6</string>
			<key>isa</key>
			<string>PBXBuildFile</string>
		</dict>
		<key>0EF934311EE6B508005B6EE6</key>
		<dict>
			<key>isa</key>
			<string>PBXFileReference</string>
			<key>lastKnownFileType</key>
			<string>sourcecode.c.h</string>
			<key>path</key>
			<string>PWListMacros.h</string>
			<key>sourceTree</key>
			<string>&lt;group&gt;</string>
		</dict>
		<key>0EF934331EE6BBC9005B6EE6</key>
		<dict>
			<key>isa</key>
			<string>PBXFileReference</string>
			<key>lastKnownFileType</key>
			<string>sourcecode.c.h</string>
			<key>path</key>
			<string>PWListActionProtocol.h</string>
			<key>sourceTree</key>
			<string>&lt;group&gt;</string>
		</dict>
		<key>2EDB620EF4BE8004768EC95E</key>
		<dict>
			<key>includeInIndex</key>
			<string>1</string>
			<key>isa</key>
			<string>PBXFileReference</string>
			<key>lastKnownFileType</key>
			<string>text.xcconfig</string>
			<key>name</key>
			<string>Pods-PWListKit.debug.xcconfig</string>
			<key>path</key>
			<string>Pods/Target Support Files/Pods-PWListKit/Pods-PWListKit.debug.xcconfig</string>
			<key>sourceTree</key>
			<string>&lt;group&gt;</string>
		</dict>
		<key>376490CA742B373DDD775A09</key>
		<dict>
			<key>children</key>
			<array>
				<string>F34E2FD9A24036C909990584</string>
			</array>
			<key>isa</key>
			<string>PBXGroup</string>
			<key>name</key>
			<string>Frameworks</string>
			<key>sourceTree</key>
			<string>&lt;group&gt;</string>
		</dict>
		<key>57861CAC8A066057C4E493A7</key>
		<dict>
			<key>fileRef</key>
			<string>F34E2FD9A24036C909990584</string>
			<key>isa</key>
			<string>PBXBuildFile</string>
		</dict>
		<key>82DA7877F5DBB93520DBB6C7</key>
		<dict>
			<key>includeInIndex</key>
			<string>1</string>
			<key>isa</key>
			<string>PBXFileReference</string>
			<key>lastKnownFileType</key>
			<string>text.xcconfig</string>
			<key>name</key>
			<string>Pods-PWListKit.release.xcconfig</string>
			<key>path</key>
			<string>Pods/Target Support Files/Pods-PWListKit/Pods-PWListKit.release.xcconfig</string>
			<key>sourceTree</key>
			<string>&lt;group&gt;</string>
		</dict>
		<key>8A673ADFC0CA1FF94A1FE4CC</key>
		<dict>
			<key>buildActionMask</key>
			<string>2147483647</string>
			<key>files</key>
			<array/>
			<key>inputPaths</key>
			<array/>
			<key>isa</key>
			<string>PBXShellScriptBuildPhase</string>
			<key>name</key>
			<string>[CP] Embed Pods Frameworks</string>
			<key>outputPaths</key>
			<array/>
			<key>runOnlyForDeploymentPostprocessing</key>
			<string>0</string>
			<key>shellPath</key>
			<string>/bin/sh</string>
			<key>shellScript</key>
			<string>"${SRCROOT}/Pods/Target Support Files/Pods-PWListKit/Pods-PWListKit-frameworks.sh"
</string>
			<key>showEnvVarsInLog</key>
			<string>0</string>
		</dict>
		<key>AC0C3601B67AD887B83EB978</key>
		<dict>
			<key>buildActionMask</key>
			<string>2147483647</string>
			<key>files</key>
			<array/>
			<key>inputPaths</key>
			<array/>
			<key>isa</key>
			<string>PBXShellScriptBuildPhase</string>
			<key>name</key>
			<string>[CP] Copy Pods Resources</string>
			<key>outputPaths</key>
			<array/>
			<key>runOnlyForDeploymentPostprocessing</key>
			<string>0</string>
			<key>shellPath</key>
			<string>/bin/sh</string>
			<key>shellScript</key>
			<string>"${SRCROOT}/Pods/Target Support Files/Pods-PWListKit/Pods-PWListKit-resources.sh"
</string>
			<key>showEnvVarsInLog</key>
			<string>0</string>
		</dict>
		<key>D304F089381CDE9D7EC8A60B</key>
		<dict>
			<key>children</key>
			<array>
				<string>2EDB620EF4BE8004768EC95E</string>
				<string>82DA7877F5DBB93520DBB6C7</string>
			</array>
			<key>isa</key>
			<string>PBXGroup</string>
			<key>name</key>
			<string>Pods</string>
			<key>sourceTree</key>
			<string>&lt;group&gt;</string>
		</dict>
		<key>F34E2FD9A24036C909990584</key>
		<dict>
			<key>explicitFileType</key>
			<string>archive.ar</string>
			<key>includeInIndex</key>
			<string>0</string>
			<key>isa</key>
			<string>PBXFileReference</string>
			<key>path</key>
			<string>libPods-PWListKit.a</string>
			<key>sourceTree</key>
			<string>BUILT_PRODUCTS_DIR</string>
		</dict>
	</dict>
	<key>rootObject</key>
	<string>0EF933BF1EE670B1005B6EE6</string>
</dict>
</plist>
